// !$*UTF8*$!
{
	archiveVersion = 1;
	classes = {
	};
	objectVersion = 46;
	objects = {

/* Begin PBXBuildFile section */
		E5B1660C19E04EE50011815F /* main.m in Sources */ = {isa = PBXBuildFile; fileRef = E5B1660B19E04EE50011815F /* main.m */; };
		E5B1660F19E04EE50011815F /* AppDelegate.m in Sources */ = {isa = PBXBuildFile; fileRef = E5B1660E19E04EE50011815F /* AppDelegate.m */; };
		E5B1661219E04EE50011815F /* ViewController.m in Sources */ = {isa = PBXBuildFile; fileRef = E5B1661119E04EE50011815F /* ViewController.m */; };
		E5B1661519E04EE50011815F /* Main.storyboard in Resources */ = {isa = PBXBuildFile; fileRef = E5B1661319E04EE50011815F /* Main.storyboard */; };
		E5B1661719E04EE50011815F /* Images.xcassets in Resources */ = {isa = PBXBuildFile; fileRef = E5B1661619E04EE50011815F /* Images.xcassets */; };
		E5B1661A19E04EE50011815F /* LaunchScreen.xib in Resources */ = {isa = PBXBuildFile; fileRef = E5B1661819E04EE50011815F /* LaunchScreen.xib */; };
		E5B1662619E04EE50011815F /* demoTests.m in Sources */ = {isa = PBXBuildFile; fileRef = E5B1662519E04EE50011815F /* demoTests.m */; };
/* End PBXBuildFile section */

/* Begin PBXContainerItemProxy section */
		E5B1662019E04EE50011815F /* PBXContainerItemProxy */ = {
			isa = PBXContainerItemProxy;
			containerPortal = E5B165FE19E04EE50011815F /* Project object */;
			proxyType = 1;
			remoteGlobalIDString = E5B1660519E04EE50011815F;
			remoteInfo = demo;
		};
/* End PBXContainerItemProxy section */

/* Begin PBXFileReference section */
		E5B1660619E04EE50011815F /* demo.app */ = {isa = PBXFileReference; explicitFileType = wrapper.application; includeInIndex = 0; path = demo.app; sourceTree = BUILT_PRODUCTS_DIR; };
		E5B1660A19E04EE50011815F /* Info.plist */ = {isa = PBXFileReference; lastKnownFileType = text.plist.xml; path = Info.plist; sourceTree = "<group>"; };
		E5B1660B19E04EE50011815F /* main.m */ = {isa = PBXFileReference; lastKnownFileType = sourcecode.c.objc; path = main.m; sourceTree = "<group>"; };
		E5B1660D19E04EE50011815F /* AppDelegate.h */ = {isa = PBXFileReference; lastKnownFileType = sourcecode.c.h; path = AppDelegate.h; sourceTree = "<group>"; };
		E5B1660E19E04EE50011815F /* AppDelegate.m */ = {isa = PBXFileReference; lastKnownFileType = sourcecode.c.objc; path = AppDelegate.m; sourceTree = "<group>"; };
		E5B1661019E04EE50011815F /* ViewController.h */ = {isa = PBXFileReference; lastKnownFileType = sourcecode.c.h; path = ViewController.h; sourceTree = "<group>"; };
		E5B1661119E04EE50011815F /* ViewController.m */ = {isa = PBXFileReference; lastKnownFileType = sourcecode.c.objc; path = ViewController.m; sourceTree = "<group>"; };
		E5B1661419E04EE50011815F /* Base */ = {isa = PBXFileReference; lastKnownFileType = file.storyboard; name = Base; path = Base.lproj/Main.storyboard; sourceTree = "<group>"; };
		E5B1661619E04EE50011815F /* Images.xcassets */ = {isa = PBXFileReference; lastKnownFileType = folder.assetcatalog; path = Images.xcassets; sourceTree = "<group>"; };
		E5B1661919E04EE50011815F /* Base */ = {isa = PBXFileReference; lastKnownFileType = file.xib; name = Base; path = Base.lproj/LaunchScreen.xib; sourceTree = "<group>"; };
		E5B1661F19E04EE50011815F /* demoTests.xctest */ = {isa = PBXFileReference; explicitFileType = wrapper.cfbundle; includeInIndex = 0; path = demoTests.xctest; sourceTree = BUILT_PRODUCTS_DIR; };
		E5B1662419E04EE50011815F /* Info.plist */ = {isa = PBXFileReference; lastKnownFileType = text.plist.xml; path = Info.plist; sourceTree = "<group>"; };
		E5B1662519E04EE50011815F /* demoTests.m */ = {isa = PBXFileReference; lastKnownFileType = sourcecode.c.objc; path = demoTests.m; sourceTree = "<group>"; };
/* End PBXFileReference section */

/* Begin PBXFrameworksBuildPhase section */
		E5B1660319E04EE50011815F /* Frameworks */ = {
			isa = PBXFrameworksBuildPhase;
			buildActionMask = 2147483647;
			files = (
			);
			runOnlyForDeploymentPostprocessing = 0;
		};
		E5B1661C19E04EE50011815F /* Frameworks */ = {
			isa = PBXFrameworksBuildPhase;
			buildActionMask = 2147483647;
			files = (
			);
			runOnlyForDeploymentPostprocessing = 0;
		};
/* End PBXFrameworksBuildPhase section */

/* Begin PBXGroup section */
		E5B165FD19E04EE50011815F = {
			isa = PBXGroup;
			children = (
				E5B1660819E04EE50011815F /* demo */,
				E5B1662219E04EE50011815F /* demoTests */,
				E5B1660719E04EE50011815F /* Products */,
			);
			sourceTree = "<group>";
		};
		E5B1660719E04EE50011815F /* Products */ = {
			isa = PBXGroup;
			children = (
				E5B1660619E04EE50011815F /* demo.app */,
				E5B1661F19E04EE50011815F /* demoTests.xctest */,
			);
			name = Products;
			sourceTree = "<group>";
		};
		E5B1660819E04EE50011815F /* demo */ = {
			isa = PBXGroup;
			children = (
				E5B1660D19E04EE50011815F /* AppDelegate.h */,
				E5B1660E19E04EE50011815F /* AppDelegate.m */,
				E5B1661019E04EE50011815F /* ViewController.h */,
				E5B1661119E04EE50011815F /* ViewController.m */,
				E5B1661319E04EE50011815F /* Main.storyboard */,
				E5B1661619E04EE50011815F /* Images.xcassets */,
				E5B1661819E04EE50011815F /* LaunchScreen.xib */,
				E5B1660919E04EE50011815F /* Supporting Files */,
			);
			path = demo;
			sourceTree = "<group>";
		};
		E5B1660919E04EE50011815F /* Supporting Files */ = {
			isa = PBXGroup;
			children = (
				E5B1660A19E04EE50011815F /* Info.plist */,
				E5B1660B19E04EE50011815F /* main.m */,
			);
			name = "Supporting Files";
			sourceTree = "<group>";
		};
		E5B1662219E04EE50011815F /* demoTests */ = {
			isa = PBXGroup;
			children = (
				E5B1662519E04EE50011815F /* demoTests.m */,
				E5B1662319E04EE50011815F /* Supporting Files */,
			);
			path = demoTests;
			sourceTree = "<group>";
		};
		E5B1662319E04EE50011815F /* Supporting Files */ = {
			isa = PBXGroup;
			children = (
				E5B1662419E04EE50011815F /* Info.plist */,
			);
			name = "Supporting Files";
			sourceTree = "<group>";
		};
/* End PBXGroup section */

/* Begin PBXNativeTarget section */
		E5B1660519E04EE50011815F /* demo */ = {
			isa = PBXNativeTarget;
			buildConfigurationList = E5B1662919E04EE50011815F /* Build configuration list for PBXNativeTarget "demo" */;
			buildPhases = (
				E5B1660219E04EE50011815F /* Sources */,
				E5B1660319E04EE50011815F /* Frameworks */,
				E5B1660419E04EE50011815F /* Resources */,
			);
			buildRules = (
			);
			dependencies = (
			);
			name = demo;
			productName = demo;
			productReference = E5B1660619E04EE50011815F /* demo.app */;
			productType = "com.apple.product-type.application";
		};
		E5B1661E19E04EE50011815F /* demoTests */ = {
			isa = PBXNativeTarget;
			buildConfigurationList = E5B1662C19E04EE50011815F /* Build configuration list for PBXNativeTarget "demoTests" */;
			buildPhases = (
				E5B1661B19E04EE50011815F /* Sources */,
				E5B1661C19E04EE50011815F /* Frameworks */,
				E5B1661D19E04EE50011815F /* Resources */,
			);
			buildRules = (
			);
			dependencies = (
				E5B1662119E04EE50011815F /* PBXTargetDependency */,
			);
			name = demoTests;
			productName = demoTests;
			productReference = E5B1661F19E04EE50011815F /* demoTests.xctest */;
			productType = "com.apple.product-type.bundle.unit-test";
		};
/* End PBXNativeTarget section */

/* Begin PBXProject section */
		E5B165FE19E04EE50011815F /* Project object */ = {
			isa = PBXProject;
			attributes = {
				LastUpgradeCheck = 0600;
				ORGANIZATIONNAME = zhangxc1120;
				TargetAttributes = {
					E5B1660519E04EE50011815F = {
						CreatedOnToolsVersion = 6.0.1;
					};
					E5B1661E19E04EE50011815F = {
						CreatedOnToolsVersion = 6.0.1;
						TestTargetID = E5B1660519E04EE50011815F;
					};
				};
			};
			buildConfigurationList = E5B1660119E04EE50011815F /* Build configuration list for PBXProject "demo" */;
			compatibilityVersion = "Xcode 3.2";
			developmentRegion = English;
			hasScannedForEncodings = 0;
			knownRegions = (
				en,
				Base,
			);
			mainGroup = E5B165FD19E04EE50011815F;
			productRefGroup = E5B1660719E04EE50011815F /* Products */;
			projectDirPath = "";
			projectRoot = "";
			targets = (
				E5B1660519E04EE50011815F /* demo */,
				E5B1661E19E04EE50011815F /* demoTests */,
			);
		};
/* End PBXProject section */

/* Begin PBXResourcesBuildPhase section */
		E5B1660419E04EE50011815F /* Resources */ = {
			isa = PBXResourcesBuildPhase;
			buildActionMask = 2147483647;
			files = (
				E5B1661519E04EE50011815F /* Main.storyboard in Resources */,
				E5B1661A19E04EE50011815F /* LaunchScreen.xib in Resources */,
				E5B1661719E04EE50011815F /* Images.xcassets in Resources */,
			);
			runOnlyForDeploymentPostprocessing = 0;
		};
		E5B1661D19E04EE50011815F /* Resources */ = {
			isa = PBXResourcesBuildPhase;
			buildActionMask = 2147483647;
			files = (
			);
			runOnlyForDeploymentPostprocessing = 0;
		};
/* End PBXResourcesBuildPhase section */

/* Begin PBXSourcesBuildPhase section */
		E5B1660219E04EE50011815F /* Sources */ = {
			isa = PBXSourcesBuildPhase;
			buildActionMask = 2147483647;
			files = (
				E5B1661219E04EE50011815F /* ViewController.m in Sources */,
				E5B1660F19E04EE50011815F /* AppDelegate.m in Sources */,
				E5B1660C19E04EE50011815F /* main.m in Sources */,
			);
			runOnlyForDeploymentPostprocessing = 0;
		};
		E5B1661B19E04EE50011815F /* Sources */ = {
			isa = PBXSourcesBuildPhase;
			buildActionMask = 2147483647;
			files = (
				E5B1662619E04EE50011815F /* demoTests.m in Sources */,
			);
			runOnlyForDeploymentPostprocessing = 0;
		};
/* End PBXSourcesBuildPhase section */

/* Begin PBXTargetDependency section */
		E5B1662119E04EE50011815F /* PBXTargetDependency */ = {
			isa = PBXTargetDependency;
			target = E5B1660519E04EE50011815F /* demo */;
			targetProxy = E5B1662019E04EE50011815F /* PBXContainerItemProxy */;
		};
/* End PBXTargetDependency section */

/* Begin PBXVariantGroup section */
		E5B1661319E04EE50011815F /* Main.storyboard */ = {
			isa = PBXVariantGroup;
			children = (
				E5B1661419E04EE50011815F /* Base */,
			);
			name = Main.storyboard;
			sourceTree = "<group>";
		};
		E5B1661819E04EE50011815F /* LaunchScreen.xib */ = {
			isa = PBXVariantGroup;
			children = (
				E5B1661919E04EE50011815F /* Base */,
			);
			name = LaunchScreen.xib;
			sourceTree = "<group>";
		};
/* End PBXVariantGroup section */

/* Begin XCBuildConfiguration section */
		E5B1662719E04EE50011815F /* Debug */ = {
			isa = XCBuildConfiguration;
			buildSettings = {
				ALWAYS_SEARCH_USER_PATHS = NO;
				CLANG_CXX_LANGUAGE_STANDARD = "gnu++0x";
				CLANG_CXX_LIBRARY = "libc++";
				CLANG_ENABLE_MODULES = YES;
				CLANG_ENABLE_OBJC_ARC = YES;
				CLANG_WARN_BOOL_CONVERSION = YES;
				CLANG_WARN_CONSTANT_CONVERSION = YES;
				CLANG_WARN_DIRECT_OBJC_ISA_USAGE = YES_ERROR;
				CLANG_WARN_EMPTY_BODY = YES;
				CLANG_WARN_ENUM_CONVERSION = YES;
				CLANG_WARN_INT_CONVERSION = YES;
				CLANG_WARN_OBJC_ROOT_CLASS = YES_ERROR;
				CLANG_WARN_UNREACHABLE_CODE = YES;
				CLANG_WARN__DUPLICATE_METHOD_MATCH = YES;
				"CODE_SIGN_IDENTITY[sdk=iphoneos*]" = "iPhone Developer";
				COPY_PHASE_STRIP = NO;
				ENABLE_STRICT_OBJC_MSGSEND = YES;
				GCC_C_LANGUAGE_STANDARD = gnu99;
				GCC_DYNAMIC_NO_PIC = NO;
				GCC_OPTIMIZATION_LEVEL = 0;
				GCC_PREPROCESSOR_DEFINITIONS = (
					"DEBUG=1",
					"$(inherited)",
				);
				GCC_SYMBOLS_PRIVATE_EXTERN = NO;
				GCC_WARN_64_TO_32_BIT_CONVERSION = YES;
				GCC_WARN_ABOUT_RETURN_TYPE = YES_ERROR;
				GCC_WARN_UNDECLARED_SELECTOR = YES;
				GCC_WARN_UNINITIALIZED_AUTOS = YES_AGGRESSIVE;
				GCC_WARN_UNUSED_FUNCTION = YES;
				GCC_WARN_UNUSED_VARIABLE = YES;
				IPHONEOS_DEPLOYMENT_TARGET = 8.0;
				MTL_ENABLE_DEBUG_INFO = YES;
				ONLY_ACTIVE_ARCH = YES;
				SDKROOT = iphoneos;
			};
			name = Debug;
		};
		E5B1662819E04EE50011815F /* Release */ = {
			isa = XCBuildConfiguration;
			buildSettings = {
				ALWAYS_SEARCH_USER_PATHS = NO;
				CLANG_CXX_LANGUAGE_STANDARD = "gnu++0x";
				CLANG_CXX_LIBRARY = "libc++";
				CLANG_ENABLE_MODULES = YES;
				CLANG_ENABLE_OBJC_ARC = YES;
				CLANG_WARN_BOOL_CONVERSION = YES;
				CLANG_WARN_CONSTANT_CONVERSION = YES;
				CLANG_WARN_DIRECT_OBJC_ISA_USAGE = YES_ERROR;
				CLANG_WARN_EMPTY_BODY = YES;
				CLANG_WARN_ENUM_CONVERSION = YES;
				CLANG_WARN_INT_CONVERSION = YES;
				CLANG_WARN_OBJC_ROOT_CLASS = YES_ERROR;
				CLANG_WARN_UNREACHABLE_CODE = YES;
				CLANG_WARN__DUPLICATE_METHOD_MATCH = YES;
				"CODE_SIGN_IDENTITY[sdk=iphoneos*]" = "iPhone Developer";
				COPY_PHASE_STRIP = YES;
				ENABLE_NS_ASSERTIONS = NO;
				ENABLE_STRICT_OBJC_MSGSEND = YES;
				GCC_C_LANGUAGE_STANDARD = gnu99;
				GCC_WARN_64_TO_32_BIT_CONVERSION = YES;
				GCC_WARN_ABOUT_RETURN_TYPE = YES_ERROR;
				GCC_WARN_UNDECLARED_SELECTOR = YES;
				GCC_WARN_UNINITIALIZED_AUTOS = YES_AGGRESSIVE;
				GCC_WARN_UNUSED_FUNCTION = YES;
				GCC_WARN_UNUSED_VARIABLE = YES;
				IPHONEOS_DEPLOYMENT_TARGET = 8.0;
				MTL_ENABLE_DEBUG_INFO = NO;
				SDKROOT = iphoneos;
				VALIDATE_PRODUCT = YES;
			};
			name = Release;
		};
		E5B1662A19E04EE50011815F /* Debug */ = {
			isa = XCBuildConfiguration;
			buildSettings = {
				ASSETCATALOG_COMPILER_APPICON_NAME = AppIcon;
				INFOPLIST_FILE = demo/Info.plist;
				LD_RUNPATH_SEARCH_PATHS = "$(inherited) @executable_path/Frameworks";
				PRODUCT_NAME = "$(TARGET_NAME)";
			};
			name = Debug;
		};
		E5B1662B19E04EE50011815F /* Release */ = {
			isa = XCBuildConfiguration;
			buildSettings = {
				ASSETCATALOG_COMPILER_APPICON_NAME = AppIcon;
				INFOPLIST_FILE = demo/Info.plist;
				LD_RUNPATH_SEARCH_PATHS = "$(inherited) @executable_path/Frameworks";
				PRODUCT_NAME = "$(TARGET_NAME)";
			};
			name = Release;
		};
		E5B1662D19E04EE50011815F /* Debug */ = {
			isa = XCBuildConfiguration;
			buildSettings = {
				BUNDLE_LOADER = "$(TEST_HOST)";
				FRAMEWORK_SEARCH_PATHS = (
					"$(SDKROOT)/Developer/Library/Frameworks",
					"$(inherited)",
				);
				GCC_PREPROCESSOR_DEFINITIONS = (
					"DEBUG=1",
					"$(inherited)",
				);
				INFOPLIST_FILE = demoTests/Info.plist;
				LD_RUNPATH_SEARCH_PATHS = "$(inherited) @executable_path/Frameworks @loader_path/Frameworks";
				PRODUCT_NAME = "$(TARGET_NAME)";
				TEST_HOST = "$(BUILT_PRODUCTS_DIR)/demo.app/demo";
			};
			name = Debug;
		};
		E5B1662E19E04EE50011815F /* Release */ = {
			isa = XCBuildConfiguration;
			buildSettings = {
				BUNDLE_LOADER = "$(TEST_HOST)";
				FRAMEWORK_SEARCH_PATHS = (
					"$(SDKROOT)/Developer/Library/Frameworks",
					"$(inherited)",
				);
				INFOPLIST_FILE = demoTests/Info.plist;
				LD_RUNPATH_SEARCH_PATHS = "$(inherited) @executable_path/Frameworks @loader_path/Frameworks";
				PRODUCT_NAME = "$(TARGET_NAME)";
				TEST_HOST = "$(BUILT_PRODUCTS_DIR)/demo.app/demo";
			};
			name = Release;
		};
/* End XCBuildConfiguration section */

/* Begin XCConfigurationList section */
		E5B1660119E04EE50011815F /* Build configuration list for PBXProject "demo" */ = {
			isa = XCConfigurationList;
			buildConfigurations = (
				E5B1662719E04EE50011815F /* Debug */,
				E5B1662819E04EE50011815F /* Release */,
			);
			defaultConfigurationIsVisible = 0;
			defaultConfigurationName = Release;
		};
		E5B1662919E04EE50011815F /* Build configuration list for PBXNativeTarget "demo" */ = {
			isa = XCConfigurationList;
			buildConfigurations = (
				E5B1662A19E04EE50011815F /* Debug */,
				E5B1662B19E04EE50011815F /* Release */,
			);
			defaultConfigurationIsVisible = 0;
		};
		E5B1662C19E04EE50011815F /* Build configuration list for PBXNativeTarget "demoTests" */ = {
			isa = XCConfigurationList;
			buildConfigurations = (
				E5B1662D19E04EE50011815F /* Debug */,
				E5B1662E19E04EE50011815F /* Release */,
			);
			defaultConfigurationIsVisible = 0;
		};
/* End XCConfigurationList section */
	};
	rootObject = E5B165FE19E04EE50011815F /* Project object */;
}
